
Microsoft Visual Studio Solution File, Format Version 12.00
# Visual Studio Version 17
VisualStudioVersion = 17.12.35527.113 d17.12
MinimumVisualStudioVersion = 10.0.40219.1
Project("{FAE04EC0-301F-11D3-BF4B-00C04F79EFBC}") = "BankLoanSystem.API", "BankLoanSystem.API\BankLoanSystem.API.csproj", "{FF56E371-05D7-453F-B22C-631FFB7E8F83}"
EndProject
Project("{FAE04EC0-301F-11D3-BF4B-00C04F79EFBC}") = "BankLoanSystem.Application", "BankLoanSystem.Application\BankLoanSystem.Application.csproj", "{5A0E9716-0EC0-4D1B-BE64-3D2AF79A5015}"
EndProject
Project("{FAE04EC0-301F-11D3-BF4B-00C04F79EFBC}") = "BankLoanSystem.Core", "BankLoanSystem.Core\BankLoanSystem.Core.csproj", "{C2B42DA8-0403-4524-B26D-6088B106574F}"
EndProject
Project("{FAE04EC0-301F-11D3-BF4B-00C04F79EFBC}") = "BankLoanSystem.Infrastructure", "BankLoanSystem.Infrastructure\BankLoanSystem.Infrastructure.csproj", "{D899C2E4-E4B7-47BA-AC8A-B91ED80B0F68}"
EndProject
Global
	GlobalSection(SolutionConfigurationPlatforms) = preSolution
		Debug|Any CPU = Debug|Any CPU
		Release|Any CPU = Release|Any CPU
	EndGlobalSection
	GlobalSection(ProjectConfigurationPlatforms) = postSolution
		{FF56E371-05D7-453F-B22C-631FFB7E8F83}.Debug|Any CPU.ActiveCfg = Debug|Any CPU
		{FF56E371-05D7-453F-B22C-631FFB7E8F83}.Debug|Any CPU.Build.0 = Debug|Any CPU
		{FF56E371-05D7-453F-B22C-631FFB7E8F83}.Release|Any CPU.ActiveCfg = Release|Any CPU
		{FF56E371-05D7-453F-B22C-631FFB7E8F83}.Release|Any CPU.Build.0 = Release|Any CPU
		{5A0E9716-0EC0-4D1B-BE64-3D2AF79A5015}.Debug|Any CPU.ActiveCfg = Debug|Any CPU
		{5A0E9716-0EC0-4D1B-BE64-3D2AF79A5015}.Debug|Any CPU.Build.0 = Debug|Any CPU
		{5A0E9716-0EC0-4D1B-BE64-3D2AF79A5015}.Release|Any CPU.ActiveCfg = Release|Any CPU
		{5A0E9716-0EC0-4D1B-BE64-3D2AF79A5015}.Release|Any CPU.Build.0 = Release|Any CPU
		{C2B42DA8-0403-4524-B26D-6088B106574F}.Debug|Any CPU.ActiveCfg = Debug|Any CPU
		{C2B42DA8-0403-4524-B26D-6088B106574F}.Debug|Any CPU.Build.0 = Debug|Any CPU
		{C2B42DA8-0403-4524-B26D-6088B106574F}.Release|Any CPU.ActiveCfg = Release|Any CPU
		{C2B42DA8-0403-4524-B26D-6088B106574F}.Release|Any CPU.Build.0 = Release|Any CPU
		{D899C2E4-E4B7-47BA-AC8A-B91ED80B0F68}.Debug|Any CPU.ActiveCfg = Debug|Any CPU
		{D899C2E4-E4B7-47BA-AC8A-B91ED80B0F68}.Debug|Any CPU.Build.0 = Debug|Any CPU
		{D899C2E4-E4B7-47BA-AC8A-B91ED80B0F68}.Release|Any CPU.ActiveCfg = Release|Any CPU
		{D899C2E4-E4B7-47BA-AC8A-B91ED80B0F68}.Release|Any CPU.Build.0 = Release|Any CPU
	EndGlobalSection
	GlobalSection(SolutionProperties) = preSolution
		HideSolutionNode = FALSE
	EndGlobalSection
EndGlobal
